
Microsoft Visual Studio Solution File, Format Version 12.00
# Visual Studio Version 17
VisualStudioVersion = 17.3.32922.545
MinimumVisualStudioVersion = 10.0.40219.1
Project("{FAE04EC0-301F-11D3-BF4B-00C04F79EFBC}") = "exam", "exam\exam.csproj", "{C5B8D1E2-67A6-43E9-98DF-FE4CDE966B24}"
EndProject
Global
	GlobalSection(SolutionConfigurationPlatforms) = preSolution
		Debug|Any CPU = Debug|Any CPU
		Release|Any CPU = Release|Any CPU
	EndGlobalSection
	GlobalSection(ProjectConfigurationPlatforms) = postSolution
		{C5B8D1E2-67A6-43E9-98DF-FE4CDE966B24}.Debug|Any CPU.ActiveCfg = Debug|Any CPU
		{C5B8D1E2-67A6-43E9-98DF-FE4CDE966B24}.Debug|Any CPU.Build.0 = Debug|Any CPU
		{C5B8D1E2-67A6-43E9-98DF-FE4CDE966B24}.Release|Any CPU.ActiveCfg = Release|Any CPU
		{C5B8D1E2-67A6-43E9-98DF-FE4CDE966B24}.Release|Any CPU.Build.0 = Release|Any CPU
	EndGlobalSection
	GlobalSection(SolutionProperties) = preSolution
		HideSolutionNode = FALSE
	EndGlobalSection
	GlobalSection(ExtensibilityGlobals) = postSolution
		SolutionGuid = {933C7055-A4D9-4133-BF36-FDAA0E1281D6}
	EndGlobalSection
EndGlobal
